// !$*UTF8*$!
{
	archiveVersion = 1;
	classes = {
	};
	objectVersion = 50;
	objects = {

/* Begin PBXBuildFile section */
		7F3BE934247DCA6E004A4E83 /* AppDelegate.swift in Sources */ = {isa = PBXBuildFile; fileRef = 7F3BE933247DCA6E004A4E83 /* AppDelegate.swift */; };
		7F3BE936247DCA6E004A4E83 /* SceneDelegate.swift in Sources */ = {isa = PBXBuildFile; fileRef = 7F3BE935247DCA6E004A4E83 /* SceneDelegate.swift */; };
		7F3BE938247DCA6E004A4E83 /* ViewController.swift in Sources */ = {isa = PBXBuildFile; fileRef = 7F3BE937247DCA6E004A4E83 /* ViewController.swift */; };
		7F3BE93B247DCA6E004A4E83 /* Main.storyboard in Resources */ = {isa = PBXBuildFile; fileRef = 7F3BE939247DCA6E004A4E83 /* Main.storyboard */; };
		7F3BE93E247DCA6E004A4E83 /* License_Plate_Search.xcdatamodeld in Sources */ = {isa = PBXBuildFile; fileRef = 7F3BE93C247DCA6E004A4E83 /* License_Plate_Search.xcdatamodeld */; };
		7F3BE940247DCA70004A4E83 /* Assets.xcassets in Resources */ = {isa = PBXBuildFile; fileRef = 7F3BE93F247DCA70004A4E83 /* Assets.xcassets */; };
		7F3BE943247DCA70004A4E83 /* LaunchScreen.storyboard in Resources */ = {isa = PBXBuildFile; fileRef = 7F3BE941247DCA70004A4E83 /* LaunchScreen.storyboard */; };
/* End PBXBuildFile section */

/* Begin PBXFileReference section */
		7F3BE930247DCA6E004A4E83 /* License Plate Search.app */ = {isa = PBXFileReference; explicitFileType = wrapper.application; includeInIndex = 0; path = "License Plate Search.app"; sourceTree = BUILT_PRODUCTS_DIR; };
		7F3BE933247DCA6E004A4E83 /* AppDelegate.swift */ = {isa = PBXFileReference; lastKnownFileType = sourcecode.swift; path = AppDelegate.swift; sourceTree = "<group>"; };
		7F3BE935247DCA6E004A4E83 /* SceneDelegate.swift */ = {isa = PBXFileReference; lastKnownFileType = sourcecode.swift; path = SceneDelegate.swift; sourceTree = "<group>"; };
		7F3BE937247DCA6E004A4E83 /* ViewController.swift */ = {isa = PBXFileReference; lastKnownFileType = sourcecode.swift; path = ViewController.swift; sourceTree = "<group>"; };
		7F3BE93A247DCA6E004A4E83 /* Base */ = {isa = PBXFileReference; lastKnownFileType = file.storyboard; name = Base; path = Base.lproj/Main.storyboard; sourceTree = "<group>"; };
		7F3BE93D247DCA6E004A4E83 /* License_Plate_Search.xcdatamodel */ = {isa = PBXFileReference; lastKnownFileType = wrapper.xcdatamodel; path = License_Plate_Search.xcdatamodel; sourceTree = "<group>"; };
		7F3BE93F247DCA70004A4E83 /* Assets.xcassets */ = {isa = PBXFileReference; lastKnownFileType = folder.assetcatalog; path = Assets.xcassets; sourceTree = "<group>"; };
		7F3BE942247DCA70004A4E83 /* Base */ = {isa = PBXFileReference; lastKnownFileType = file.storyboard; name = Base; path = Base.lproj/LaunchScreen.storyboard; sourceTree = "<group>"; };
		7F3BE944247DCA70004A4E83 /* Info.plist */ = {isa = PBXFileReference; lastKnownFileType = text.plist.xml; path = Info.plist; sourceTree = "<group>"; };
/* End PBXFileReference section */

/* Begin PBXFrameworksBuildPhase section */
		7F3BE92D247DCA6E004A4E83 /* Frameworks */ = {
			isa = PBXFrameworksBuildPhase;
			buildActionMask = 2147483647;
			files = (
			);
			runOnlyForDeploymentPostprocessing = 0;
		};
/* End PBXFrameworksBuildPhase section */

/* Begin PBXGroup section */
		7F3BE927247DCA6E004A4E83 = {
			isa = PBXGroup;
			children = (
				7F3BE932247DCA6E004A4E83 /* License Plate Search */,
				7F3BE931247DCA6E004A4E83 /* Products */,
			);
			sourceTree = "<group>";
		};
		7F3BE931247DCA6E004A4E83 /* Products */ = {
			isa = PBXGroup;
			children = (
				7F3BE930247DCA6E004A4E83 /* License Plate Search.app */,
			);
			name = Products;
			sourceTree = "<group>";
		};
		7F3BE932247DCA6E004A4E83 /* License Plate Search */ = {
			isa = PBXGroup;
			children = (
				7F3BE933247DCA6E004A4E83 /* AppDelegate.swift */,
				7F3BE935247DCA6E004A4E83 /* SceneDelegate.swift */,
				7F3BE937247DCA6E004A4E83 /* ViewController.swift */,
				7F3BE939247DCA6E004A4E83 /* Main.storyboard */,
				7F3BE93F247DCA70004A4E83 /* Assets.xcassets */,
				7F3BE941247DCA70004A4E83 /* LaunchScreen.storyboard */,
				7F3BE944247DCA70004A4E83 /* Info.plist */,
				7F3BE93C247DCA6E004A4E83 /* License_Plate_Search.xcdatamodeld */,
			);
			path = "License Plate Search";
			sourceTree = "<group>";
		};
/* End PBXGroup section */

/* Begin PBXNativeTarget section */
		7F3BE92F247DCA6E004A4E83 /* License Plate Search */ = {
			isa = PBXNativeTarget;
			buildConfigurationList = 7F3BE947247DCA70004A4E83 /* Build configuration list for PBXNativeTarget "License Plate Search" */;
			buildPhases = (
				7F3BE92C247DCA6E004A4E83 /* Sources */,
				7F3BE92D247DCA6E004A4E83 /* Frameworks */,
				7F3BE92E247DCA6E004A4E83 /* Resources */,
			);
			buildRules = (
			);
			dependencies = (
			);
			name = "License Plate Search";
			productName = "License Plate Search";
			productReference = 7F3BE930247DCA6E004A4E83 /* License Plate Search.app */;
			productType = "com.apple.product-type.application";
		};
/* End PBXNativeTarget section */

/* Begin PBXProject section */
		7F3BE928247DCA6E004A4E83 /* Project object */ = {
			isa = PBXProject;
			attributes = {
				LastSwiftUpdateCheck = 1120;
				LastUpgradeCheck = 1120;
				ORGANIZATIONNAME = "Jared Detro";
				TargetAttributes = {
					7F3BE92F247DCA6E004A4E83 = {
						CreatedOnToolsVersion = 11.2;
					};
				};
			};
			buildConfigurationList = 7F3BE92B247DCA6E004A4E83 /* Build configuration list for PBXProject "License Plate Search" */;
			compatibilityVersion = "Xcode 9.3";
			developmentRegion = en;
			hasScannedForEncodings = 0;
			knownRegions = (
				en,
				Base,
			);
			mainGroup = 7F3BE927247DCA6E004A4E83;
			productRefGroup = 7F3BE931247DCA6E004A4E83 /* Products */;
			projectDirPath = "";
			projectRoot = "";
			targets = (
				7F3BE92F247DCA6E004A4E83 /* License Plate Search */,
			);
		};
/* End PBXProject section */

/* Begin PBXResourcesBuildPhase section */
		7F3BE92E247DCA6E004A4E83 /* Resources */ = {
			isa = PBXResourcesBuildPhase;
			buildActionMask = 2147483647;
			files = (
				7F3BE943247DCA70004A4E83 /* LaunchScreen.storyboard in Resources */,
				7F3BE940247DCA70004A4E83 /* Assets.xcassets in Resources */,
				7F3BE93B247DCA6E004A4E83 /* Main.storyboard in Resources */,
			);
			runOnlyForDeploymentPostprocessing = 0;
		};
/* End PBXResourcesBuildPhase section */

/* Begin PBXSourcesBuildPhase section */
		7F3BE92C247DCA6E004A4E83 /* Sources */ = {
			isa = PBXSourcesBuildPhase;
			buildActionMask = 2147483647;
			files = (
				7F3BE938247DCA6E004A4E83 /* ViewController.swift in Sources */,
				7F3BE934247DCA6E004A4E83 /* AppDelegate.swift in Sources */,
				7F3BE93E247DCA6E004A4E83 /* License_Plate_Search.xcdatamodeld in Sources */,
				7F3BE936247DCA6E004A4E83 /* SceneDelegate.swift in Sources */,
			);
			runOnlyForDeploymentPostprocessing = 0;
		};
/* End PBXSourcesBuildPhase section */

/* Begin PBXVariantGroup section */
		7F3BE939247DCA6E004A4E83 /* Main.storyboard */ = {
			isa = PBXVariantGroup;
			children = (
				7F3BE93A247DCA6E004A4E83 /* Base */,
			);
			name = Main.storyboard;
			sourceTree = "<group>";
		};
		7F3BE941247DCA70004A4E83 /* LaunchScreen.storyboard */ = {
			isa = PBXVariantGroup;
			children = (
				7F3BE942247DCA70004A4E83 /* Base */,
			);
			name = LaunchScreen.storyboard;
			sourceTree = "<group>";
		};
/* End PBXVariantGroup section */

/* Begin XCBuildConfiguration section */
		7F3BE945247DCA70004A4E83 /* Debug */ = {
			isa = XCBuildConfiguration;
			buildSettings = {
				ALWAYS_SEARCH_USER_PATHS = NO;
				CLANG_ANALYZER_NONNULL = YES;
				CLANG_ANALYZER_NUMBER_OBJECT_CONVERSION = YES_AGGRESSIVE;
				CLANG_CXX_LANGUAGE_STANDARD = "gnu++14";
				CLANG_CXX_LIBRARY = "libc++";
				CLANG_ENABLE_MODULES = YES;
				CLANG_ENABLE_OBJC_ARC = YES;
				CLANG_ENABLE_OBJC_WEAK = YES;
				CLANG_WARN_BLOCK_CAPTURE_AUTORELEASING = YES;
				CLANG_WARN_BOOL_CONVERSION = YES;
				CLANG_WARN_COMMA = YES;
				CLANG_WARN_CONSTANT_CONVERSION = YES;
				CLANG_WARN_DEPRECATED_OBJC_IMPLEMENTATIONS = YES;
				CLANG_WARN_DIRECT_OBJC_ISA_USAGE = YES_ERROR;
				CLANG_WARN_DOCUMENTATION_COMMENTS = YES;
				CLANG_WARN_EMPTY_BODY = YES;
				CLANG_WARN_ENUM_CONVERSION = YES;
				CLANG_WARN_INFINITE_RECURSION = YES;
				CLANG_WARN_INT_CONVERSION = YES;
				CLANG_WARN_NON_LITERAL_NULL_CONVERSION = YES;
				CLANG_WARN_OBJC_IMPLICIT_RETAIN_SELF = YES;
				CLANG_WARN_OBJC_LITERAL_CONVERSION = YES;
				CLANG_WARN_OBJC_ROOT_CLASS = YES_ERROR;
				CLANG_WARN_RANGE_LOOP_ANALYSIS = YES;
				CLANG_WARN_STRICT_PROTOTYPES = YES;
				CLANG_WARN_SUSPICIOUS_MOVE = YES;
				CLANG_WARN_UNGUARDED_AVAILABILITY = YES_AGGRESSIVE;
				CLANG_WARN_UNREACHABLE_CODE = YES;
				CLANG_WARN__DUPLICATE_METHOD_MATCH = YES;
				COPY_PHASE_STRIP = NO;
				DEBUG_INFORMATION_FORMAT = dwarf;
				ENABLE_STRICT_OBJC_MSGSEND = YES;
				ENABLE_TESTABILITY = YES;
				GCC_C_LANGUAGE_STANDARD = gnu11;
				GCC_DYNAMIC_NO_PIC = NO;
				GCC_NO_COMMON_BLOCKS = YES;
				GCC_OPTIMIZATION_LEVEL = 0;
				GCC_PREPROCESSOR_DEFINITIONS = (
					"DEBUG=1",
					"$(inherited)",
				);
				GCC_WARN_64_TO_32_BIT_CONVERSION = YES;
				GCC_WARN_ABOUT_RETURN_TYPE = YES_ERROR;
				GCC_WARN_UNDECLARED_SELECTOR = YES;
				GCC_WARN_UNINITIALIZED_AUTOS = YES_AGGRESSIVE;
				GCC_WARN_UNUSED_FUNCTION = YES;
				GCC_WARN_UNUSED_VARIABLE = YES;
				IPHONEOS_DEPLOYMENT_TARGET = 13.2;
				MTL_ENABLE_DEBUG_INFO = INCLUDE_SOURCE;
				MTL_FAST_MATH = YES;
				ONLY_ACTIVE_ARCH = YES;
				SDKROOT = iphoneos;
				SWIFT_ACTIVE_COMPILATION_CONDITIONS = DEBUG;
				SWIFT_OPTIMIZATION_LEVEL = "-Onone";
			};
			name = Debug;
		};
		7F3BE946247DCA70004A4E83 /* Release */ = {
			isa = XCBuildConfiguration;
			buildSettings = {
				ALWAYS_SEARCH_USER_PATHS = NO;
				CLANG_ANALYZER_NONNULL = YES;
				CLANG_ANALYZER_NUMBER_OBJECT_CONVERSION = YES_AGGRESSIVE;
				CLANG_CXX_LANGUAGE_STANDARD = "gnu++14";
				CLANG_CXX_LIBRARY = "libc++";
				CLANG_ENABLE_MODULES = YES;
				CLANG_ENABLE_OBJC_ARC = YES;
				CLANG_ENABLE_OBJC_WEAK = YES;
				CLANG_WARN_BLOCK_CAPTURE_AUTORELEASING = YES;
				CLANG_WARN_BOOL_CONVERSION = YES;
				CLANG_WARN_COMMA = YES;
				CLANG_WARN_CONSTANT_CONVERSION = YES;
				CLANG_WARN_DEPRECATED_OBJC_IMPLEMENTATIONS = YES;
				CLANG_WARN_DIRECT_OBJC_ISA_USAGE = YES_ERROR;
				CLANG_WARN_DOCUMENTATION_COMMENTS = YES;
				CLANG_WARN_EMPTY_BODY = YES;
				CLANG_WARN_ENUM_CONVERSION = YES;
				CLANG_WARN_INFINITE_RECURSION = YES;
				CLANG_WARN_INT_CONVERSION = YES;
				CLANG_WARN_NON_LITERAL_NULL_CONVERSION = YES;
				CLANG_WARN_OBJC_IMPLICIT_RETAIN_SELF = YES;
				CLANG_WARN_OBJC_LITERAL_CONVERSION = YES;
				CLANG_WARN_OBJC_ROOT_CLASS = YES_ERROR;
				CLANG_WARN_RANGE_LOOP_ANALYSIS = YES;
				CLANG_WARN_STRICT_PROTOTYPES = YES;
				CLANG_WARN_SUSPICIOUS_MOVE = YES;
				CLANG_WARN_UNGUARDED_AVAILABILITY = YES_AGGRESSIVE;
				CLANG_WARN_UNREACHABLE_CODE = YES;
				CLANG_WARN__DUPLICATE_METHOD_MATCH = YES;
				COPY_PHASE_STRIP = NO;
				DEBUG_INFORMATION_FORMAT = "dwarf-with-dsym";
				ENABLE_NS_ASSERTIONS = NO;
				ENABLE_STRICT_OBJC_MSGSEND = YES;
				GCC_C_LANGUAGE_STANDARD = gnu11;
				GCC_NO_COMMON_BLOCKS = YES;
				GCC_WARN_64_TO_32_BIT_CONVERSION = YES;
				GCC_WARN_ABOUT_RETURN_TYPE = YES_ERROR;
				GCC_WARN_UNDECLARED_SELECTOR = YES;
				GCC_WARN_UNINITIALIZED_AUTOS = YES_AGGRESSIVE;
				GCC_WARN_UNUSED_FUNCTION = YES;
				GCC_WARN_UNUSED_VARIABLE = YES;
				IPHONEOS_DEPLOYMENT_TARGET = 13.2;
				MTL_ENABLE_DEBUG_INFO = NO;
				MTL_FAST_MATH = YES;
				SDKROOT = iphoneos;
				SWIFT_COMPILATION_MODE = wholemodule;
				SWIFT_OPTIMIZATION_LEVEL = "-O";
				VALIDATE_PRODUCT = YES;
			};
			name = Release;
		};
		7F3BE948247DCA70004A4E83 /* Debug */ = {
			isa = XCBuildConfiguration;
			buildSettings = {
				ASSETCATALOG_COMPILER_APPICON_NAME = AppIcon;
				CODE_SIGN_STYLE = Automatic;
				DEVELOPMENT_TEAM = 6MDNPLDFWU;
				INFOPLIST_FILE = "License Plate Search/Info.plist";
				LD_RUNPATH_SEARCH_PATHS = (
					"$(inherited)",
					"@executable_path/Frameworks",
				);
				PRODUCT_BUNDLE_IDENTIFIER = "com.example.License-Plate-Search";
				PRODUCT_NAME = "$(TARGET_NAME)";
				SWIFT_VERSION = 5.0;
				TARGETED_DEVICE_FAMILY = "1,2";
			};
			name = Debug;
		};
		7F3BE949247DCA70004A4E83 /* Release */ = {
			isa = XCBuildConfiguration;
			buildSettings = {
				ASSETCATALOG_COMPILER_APPICON_NAME = AppIcon;
				CODE_SIGN_STYLE = Automatic;
				DEVELOPMENT_TEAM = 6MDNPLDFWU;
				INFOPLIST_FILE = "License Plate Search/Info.plist";
				LD_RUNPATH_SEARCH_PATHS = (
					"$(inherited)",
					"@executable_path/Frameworks",
				);
				PRODUCT_BUNDLE_IDENTIFIER = "com.example.License-Plate-Search";
				PRODUCT_NAME = "$(TARGET_NAME)";
				SWIFT_VERSION = 5.0;
				TARGETED_DEVICE_FAMILY = "1,2";
			};
			name = Release;
		};
/* End XCBuildConfiguration section */

/* Begin XCConfigurationList section */
		7F3BE92B247DCA6E004A4E83 /* Build configuration list for PBXProject "License Plate Search" */ = {
			isa = XCConfigurationList;
			buildConfigurations = (
				7F3BE945247DCA70004A4E83 /* Debug */,
				7F3BE946247DCA70004A4E83 /* Release */,
			);
			defaultConfigurationIsVisible = 0;
			defaultConfigurationName = Release;
		};
		7F3BE947247DCA70004A4E83 /* Build configuration list for PBXNativeTarget "License Plate Search" */ = {
			isa = XCConfigurationList;
			buildConfigurations = (
				7F3BE948247DCA70004A4E83 /* Debug */,
				7F3BE949247DCA70004A4E83 /* Release */,
			);
			defaultConfigurationIsVisible = 0;
			defaultConfigurationName = Release;
		};
/* End XCConfigurationList section */

/* Begin XCVersionGroup section */
		7F3BE93C247DCA6E004A4E83 /* License_Plate_Search.xcdatamodeld */ = {
			isa = XCVersionGroup;
			children = (
				7F3BE93D247DCA6E004A4E83 /* License_Plate_Search.xcdatamodel */,
			);
			currentVersion = 7F3BE93D247DCA6E004A4E83 /* License_Plate_Search.xcdatamodel */;
			path = License_Plate_Search.xcdatamodeld;
			sourceTree = "<group>";
			versionGroupType = wrapper.xcdatamodel;
		};
/* End XCVersionGroup section */
	};
	rootObject = 7F3BE928247DCA6E004A4E83 /* Project object */;
}
